
Microsoft Visual Studio Solution File, Format Version 12.00
# Visual Studio Version 16
VisualStudioVersion = 16.0.29911.84
MinimumVisualStudioVersion = 10.0.40219.1
Project("{FAE04EC0-301F-11D3-BF4B-00C04F79EFBC}") = "Lesso2", "Lesso2\Lesso2.csproj", "{8B45E640-2F89-4575-BC3C-AA4580C0D0C1}"
EndProject
Global
	GlobalSection(SolutionConfigurationPlatforms) = preSolution
		Debug|Any CPU = Debug|Any CPU
		Release|Any CPU = Release|Any CPU
	EndGlobalSection
	GlobalSection(ProjectConfigurationPlatforms) = postSolution
		{8B45E640-2F89-4575-BC3C-AA4580C0D0C1}.Debug|Any CPU.ActiveCfg = Debug|Any CPU
		{8B45E640-2F89-4575-BC3C-AA4580C0D0C1}.Debug|Any CPU.Build.0 = Debug|Any CPU
		{8B45E640-2F89-4575-BC3C-AA4580C0D0C1}.Release|Any CPU.ActiveCfg = Release|Any CPU
		{8B45E640-2F89-4575-BC3C-AA4580C0D0C1}.Release|Any CPU.Build.0 = Release|Any CPU
	EndGlobalSection
	GlobalSection(SolutionProperties) = preSolution
		HideSolutionNode = FALSE
	EndGlobalSection
	GlobalSection(ExtensibilityGlobals) = postSolution
		SolutionGuid = {FADBA437-EE53-4ADD-A032-5A299BB203FD}
	EndGlobalSection
EndGlobal
